# This file is autogenerated, do not edit; changes may be undone by the next 'dep ensure'.


[[projects]]
  digest = "1:6146fda730c18186631e91e818d995e759e7cbe27644d6871ccd469f6865c686"
  name = "github.com/StackExchange/wmi"
  packages = ["."]
  pruneopts = ""
  revision = "cbe66965904dbe8a6cd589e2298e5d8b986bd7dd"
  version = "1.1.0"

[[projects]]
  digest = "1:e010d6b45ee6c721df761eae89961c634ceb55feff166a48d15504729309f267"
  name = "github.com/TheTannerRyan/ring"
  packages = ["."]
  pruneopts = ""
  revision = "7b27005873e31b5d5a035e166636a09e03aaf40e"
  version = "v1.1.1"

[[projects]]
  digest = "1:21caed545a1c7ef7a2627bbb45989f689872ff6d5087d49c31340ce74c36de59"
  name = "github.com/agext/levenshtein"
  packages = ["."]
  pruneopts = ""
  revision = "52c14c47d03211d8ac1834e94601635e07c5a6ef"
  version = "v1.2.3"

[[projects]]
  branch = "v2.1"
  digest = "1:3fc5d0d9cb474736e8e6c2f2292e0763b5132c6e7d8cbedf7bde404a470c8c3b"
  name = "github.com/cookieo9/resources-go"
  packages = ["."]
  pruneopts = ""
  revision = "d27c04069d0d5dfe11c202dacbf745ae8d1ab181"

[[projects]]
  digest = "1:f384a8b6f89c502229e9013aa4f89ce5b5b56f09f9a4d601d7f1f026d3564fbf"
  name = "github.com/coreos/go-iptables"
  packages = ["iptables"]
  pruneopts = ""
  revision = "f901d6c2a4f2a4df092b98c33366dfba1f93d7a0"
  version = "v0.4.5"

[[projects]]
  digest = "1:0deddd908b6b4b768cfc272c16ee61e7088a60f7fe2f06c547bd3d8e1f8b8e77"
  name = "github.com/davecgh/go-spew"
  packages = ["spew"]
  pruneopts = ""
  revision = "8991bc29aa16c548c550c7ff78260e27b9ab7c73"
  version = "v1.1.1"

[[projects]]
  branch = "master"
  digest = "1:c8098f53cd182561cfb128c9a5ba70e41ad2364b763f33f05c6bd54003ae6495"
  name = "github.com/florianl/go-nfqueue"
  packages = [
    ".",
    "internal/unix",
  ]
  pruneopts = ""
  revision = "a2f196e98ab0ffdcb8b5252e7cbba98e45dea204"

[[projects]]
  digest = "1:b6581f9180e0f2d5549280d71819ab951db9d511478c87daca95669589d505c0"
  name = "github.com/go-ole/go-ole"
  packages = [
    ".",
    "oleutil",
  ]
  pruneopts = ""
  revision = "97b6244175ae18ea6eef668034fd6565847501c9"
  version = "v1.2.4"

[[projects]]
  digest = "1:f63933986e63230fc32512ed00bc18ea4dbb0f57b5da18561314928fd20c2ff0"
  name = "github.com/godbus/dbus"
  packages = ["."]
  pruneopts = ""
  revision = "37bf87eef99d69c4f1d3528bd66e3a87dc201472"
  version = "v5.0.3"

[[projects]]
  digest = "1:c18de9c9afca0ab336a29cf356d566abbdc29dd4948547557ed62c0da30d3be3"
  name = "github.com/google/gopacket"
  packages = [
    ".",
    "layers",
    "tcpassembly",
  ]
  pruneopts = ""
  revision = "558173e197d46ae52f0f7c58313c96296ee16a9c"
  version = "v1.1.18"

[[projects]]
  digest = "1:20dc576ad8f98fe64777c62f090a9b37dd67c62b23fe42b429c2c41936aa8a9c"
  name = "github.com/google/renameio"
  packages = ["."]
  pruneopts = ""
  revision = "f0e32980c006571efd537032e5f9cd8c1a92819e"
  version = "v0.1.0"

[[projects]]
  digest = "1:8e3bd93036b4a925fe2250d3e4f38f21cadb8ef623561cd80c3c50c114b13201"
  name = "github.com/hashicorp/errwrap"
  packages = ["."]
  pruneopts = ""
  revision = "8a6fb523712970c966eefc6b39ed2c5e74880354"
  version = "v1.0.0"

[[projects]]
  digest = "1:c6e569ffa34fcd24febd3562bff0520a104d15d1a600199cb3141debf2e58c89"
  name = "github.com/hashicorp/go-multierror"
  packages = ["."]
  pruneopts = ""
  revision = "2004d9dba6b07a5b8d133209244f376680f9d472"
  version = "v1.1.0"

[[projects]]
  digest = "1:ebffb4b4c8ddcf66bb549464183ea2ddbac6c58a803658f67249f83395d17455"
  name = "github.com/hashicorp/go-version"
  packages = ["."]
  pruneopts = ""
  revision = "59da58cfd357de719a4d16dac30481391a56c002"
  version = "v1.2.1"

[[projects]]
  digest = "1:870d441fe217b8e689d7949fef6e43efbc787e50f200cb1e70dbca9204a1d6be"
  name = "github.com/inconshreveable/mousetrap"
  packages = ["."]
  pruneopts = ""
  revision = "76626ae9c91c4f2a10f34cad8ce83ea42c93bb75"
  version = "v1.0"

[[projects]]
  branch = "master"
  digest = "1:e71cc6b377264002aec0d9c235087e51ad7a3c1fb341bb4baa84709308b94fe8"
  name = "github.com/kardianos/osext"
  packages = ["."]
  pruneopts = ""
  revision = "2bc1f35cddc0cc527b4bc3dce8578fc2a6c11384"

[[projects]]
  digest = "1:4f0792bf942a61626dfdc06d228aa79783e51f214faacba73992a73f9485c0a8"
  name = "github.com/mdlayher/netlink"
  packages = [
    ".",
    "nlenc",
  ]
  pruneopts = ""
  revision = "ad88bf8eff5c1fd8d6a29299addeeb23d05f1ec1"
  version = "v1.1.0"

[[projects]]
  digest = "1:508f444b8e00a569a40899aaf5740348b44c305d36f36d4f002b277677deef95"
  name = "github.com/miekg/dns"
  packages = ["."]
  pruneopts = ""
  revision = "10e0aeedbee54849adab780611454192a9980443"
  version = "v1.1.33"

[[projects]]
  digest = "1:3282ac9a9ddf5c2c0eda96693364d34fe0f8d10a0748259082a5c9fbd3e1f7e4"
  name = "github.com/oschwald/maxminddb-golang"
  packages = ["."]
  pruneopts = ""
  revision = "2e4624cc0c4105b1df1d0643ac3aadb53824dc7d"
  version = "v1.7.0"

[[projects]]
  digest = "1:c45802472e0c06928cd997661f2af610accd85217023b1d5f6331bebce0671d3"
  name = "github.com/pkg/errors"
  packages = ["."]
  pruneopts = ""
  revision = "614d223910a179a466c1767a985424175c39b465"
  version = "v0.9.1"

[[projects]]
  digest = "1:256484dbbcd271f9ecebc6795b2df8cad4c458dd0f5fd82a8c2fa0c29f233411"
  name = "github.com/pmezard/go-difflib"
  packages = ["difflib"]
  pruneopts = ""
  revision = "792786c7400a136282c1664665ae0a8db921c6c2"
  version = "v1.0.0"

[[projects]]
  digest = "1:70e15b4090e254d1eada6ef156773c0888cf707c43078479114d814761b902c5"
  name = "github.com/shirou/gopsutil"
  packages = [
    "cpu",
    "internal/common",
    "mem",
    "net",
    "process",
  ]
  pruneopts = ""
  revision = "7e94bb8bcde053b6d6c98bda5145e9742c913c39"
  version = "v2.20.7"

[[projects]]
  digest = "1:bff75d4f1a2d2c4b8f4b46ff5ac230b80b5fa49276f615900cba09fe4c97e66e"
  name = "github.com/spf13/cobra"
  packages = ["."]
  pruneopts = ""
  revision = "a684a6d7f5e37385d954dd3b5a14fc6912c6ab9d"
  version = "v1.0.0"

[[projects]]
  digest = "1:688428eeb1ca80d92599eb3254bdf91b51d7e232fead3a73844c1f201a281e51"
  name = "github.com/spf13/pflag"
  packages = ["."]
  pruneopts = ""
  revision = "2e9d26c8c37aae03e3f9d4e90b7116f5accb7cab"
  version = "v1.0.5"

[[projects]]
  digest = "1:83fd2513b9f6ae0997bf646db6b74e9e00131e31002116fda597175f25add42d"
  name = "github.com/stretchr/testify"
  packages = ["assert"]
  pruneopts = ""
  revision = "f654a9112bbeac49ca2cd45bfbe11533c4666cf8"
  version = "v1.6.1"

[[projects]]
  digest = "1:1f11a269b089908c141f78c060991ff7bcd16545e95ee48d557e638fa846bde2"
  name = "github.com/tevino/abool"
  packages = ["."]
  pruneopts = ""
  revision = "8ae5c93531aabf12924a5b78e6dee1216bfff2f8"
  version = "v1.2.0"

[[projects]]
  branch = "master"
  digest = "1:21097653bd7914de1262f2429e277933507442f892815a791ce1c0dbf0a8dc20"
  name = "github.com/umahmood/haversine"
  packages = ["."]
  pruneopts = ""
  revision = "808ab04add26660fd241ddb7973886c6dd6669e8"

[[projects]]
  branch = "master"
  digest = "1:df4642a605244e62c69ae335ac3c3cfa1c2b7ec971c3de398e1909592a961923"
  name = "golang.org/x/crypto"
  packages = [
    "ed25519",
    "ed25519/internal/edwards25519",
  ]
  pruneopts = ""
  revision = "123391ffb6de907695e1066dc40c1ff09322aeb6"

[[projects]]
  digest = "1:ba49944a3238ae8f163c85b6d01d2db51cd5b09807105a3cfaacbd414744ca82"
  name = "golang.org/x/mod"
  packages = ["semver"]
  pruneopts = ""
  revision = "859b3ef565e237f9f1a0fb6b55385c497545680d"
  version = "v0.3.0"

[[projects]]
  branch = "master"
  digest = "1:9ee0e6bc20d85d179d19be321443639dc501a8c0ba1bac173261b57768063e79"
  name = "golang.org/x/net"
  packages = [
    "bpf",
    "icmp",
    "idna",
    "internal/iana",
    "internal/socket",
    "ipv4",
    "ipv6",
    "publicsuffix",
  ]
  pruneopts = ""
  revision = "3edf25e44fccea9e11b919341e952fca722ef460"

[[projects]]
  branch = "master"
  digest = "1:ae1578a64c2b241c13ab243739d05936d83825d2b6e9ff043ea3c7105666493d"
  name = "golang.org/x/sync"
  packages = ["errgroup"]
  pruneopts = ""
  revision = "6e8e738ad208923de99951fe0b48239bfd864f28"

[[projects]]
  branch = "master"
  digest = "1:ecfcd51736bf55de713770df4580026a43f01a94c9c077b0ab10239e8a93a589"
  name = "golang.org/x/sys"
  packages = [
    "internal/unsafeheader",
    "unix",
    "windows",
    "windows/registry",
    "windows/svc",
    "windows/svc/debug",
    "windows/svc/eventlog",
    "windows/svc/mgr",
  ]
  pruneopts = ""
  revision = "3ff754bf58a9922e2b8a1a0bd199be6c9a806123"

[[projects]]
  digest = "1:fccda34e4c58111b1908d8d69bf8d57c41c8e2542bc18ec8cd38c4fa21057f71"
  name = "golang.org/x/text"
  packages = [
    "collate",
    "collate/build",
    "internal/colltab",
    "internal/gen",
    "internal/language",
    "internal/language/compact",
    "internal/tag",
    "internal/triegen",
    "internal/ucd",
    "language",
    "secure/bidirule",
    "transform",
    "unicode/bidi",
    "unicode/cldr",
    "unicode/norm",
    "unicode/rangetable",
  ]
  pruneopts = ""
  revision = "23ae387dee1f90d29a23c0e87ee0b46038fbed0e"
  version = "v0.3.3"

[[projects]]
  branch = "master"
  digest = "1:1f61b0af124800c576e5ccc355d0634413e0b71fe6fbc77694b18bd30d9aa56e"
  name = "golang.org/x/tools"
  packages = [
    "go/ast/astutil",
    "go/gcexportdata",
    "go/internal/gcimporter",
    "go/internal/packagesdriver",
    "go/packages",
    "go/types/typeutil",
    "internal/event",
    "internal/event/core",
    "internal/event/keys",
    "internal/event/label",
    "internal/gocommand",
    "internal/packagesinternal",
    "internal/typesinternal",
  ]
  pruneopts = ""
  revision = "d00afeaade8f1e68fb815705aa42d704c1b6df35"

[[projects]]
  branch = "master"
  digest = "1:a5a7a1a9560c0eb1f8b32c40da2e71bd2a05b9ff9e1ea294461c7dbe0d24c6bc"
  name = "golang.org/x/xerrors"
  packages = [
    ".",
    "internal",
  ]
  pruneopts = ""
  revision = "5ec99f83aff198f5fbd629d6c8d8eb38a04218ca"

[[projects]]
  branch = "v3"
  digest = "1:2e9c4d6def1d36dcd17730e00c06b49a2e97ea5e1e639bcd24fa60fa43e33ad6"
  name = "gopkg.in/yaml.v3"
  packages = ["."]
  pruneopts = ""
  revision = "eeeca48fe7764f320e4870d231902bf9c1be2c08"

[solve-meta]
  analyzer-name = "dep"
  analyzer-version = 1
  input-imports = [
    "github.com/TheTannerRyan/ring",
    "github.com/agext/levenshtein",
    "github.com/cookieo9/resources-go",
    "github.com/coreos/go-iptables/iptables",
    "github.com/florianl/go-nfqueue",
    "github.com/godbus/dbus",
    "github.com/google/gopacket",
    "github.com/google/gopacket/layers",
    "github.com/google/gopacket/tcpassembly",
    "github.com/google/renameio",
    "github.com/hashicorp/go-multierror",
    "github.com/hashicorp/go-version",
    "github.com/miekg/dns",
    "github.com/oschwald/maxminddb-golang",
    "github.com/shirou/gopsutil/process",
    "github.com/spf13/cobra",
    "github.com/stretchr/testify/assert",
    "github.com/tevino/abool",
    "github.com/umahmood/haversine",
    "golang.org/x/net/icmp",
    "golang.org/x/net/ipv4",
    "golang.org/x/net/publicsuffix",
    "golang.org/x/sync/errgroup",
    "golang.org/x/sys/unix",
    "golang.org/x/sys/windows",
    "golang.org/x/sys/windows/svc",
    "golang.org/x/sys/windows/svc/debug",
    "golang.org/x/sys/windows/svc/eventlog",
    "golang.org/x/sys/windows/svc/mgr",
  ]
  solver-name = "gps-cdcl"
  solver-version = 1
