# This file is autogenerated, do not edit; changes may be undone by the next 'dep ensure'.


[[projects]]
  branch = "master"
  digest = "1:636265d7c62365795e14a5d323a48db1409795adf96241bea7335d054f9d1879"
  name = "github.com/Safing/portbase"
  packages = [
    "api",
    "config",
    "container",
    "crypto/hash",
    "crypto/random",
    "database",
    "database/accessor",
    "database/dbmodule",
    "database/iterator",
    "database/query",
    "database/record",
    "database/storage",
    "database/storage/bbolt",
    "formats/dsd",
    "formats/varint",
    "info",
    "log",
    "modules",
    "notifications",
    "taskmanager",
    "utils",
    "utils/osdetail",
    "utils/testutils",
  ]
  pruneopts = ""
  revision = "60dbbe55e94597e23305ebb7ed1ddbb074fa25b7"

[[projects]]
  digest = "1:f82b8ac36058904227087141017bb82f4b0fc58272990a4cdae3e2d6d222644e"
  name = "github.com/StackExchange/wmi"
  packages = ["."]
  pruneopts = ""
  revision = "5d049714c4a64225c3c79a7cf7d02f7fb5b96338"
  version = "1.0.0"

[[projects]]
  digest = "1:3b186fcaa1c0b374249e76601cd4d5c8c7f0712f8ad419f2e8288c7b9e7ed520"
  name = "github.com/aead/serpent"
  packages = ["."]
  pruneopts = ""
  revision = "fba169763ea663f7496376e5cdf709e4c7504704"
  version = "v0.1"

[[projects]]
  digest = "1:3c753679736345f50125ae993e0a2614da126859921ea7faeecda6d217501ce2"
  name = "github.com/agext/levenshtein"
  packages = ["."]
  pruneopts = ""
  revision = "0ded9c86537917af2ff89bc9c78de6bd58477894"
  version = "v1.2.2"

[[projects]]
  branch = "master"
  digest = "1:baf770c4efa1883bb5e444614e85b8028bbad33913aca290a43298f65d9df485"
  name = "github.com/bluele/gcache"
  packages = ["."]
  pruneopts = ""
  revision = "bc40bd6538339bd4be8cb0b48fc33fdf012ddb6e"

[[projects]]
  digest = "1:04be39ea2e9e54ccb36ad938cc7fd991845b07efa7cd5b497a534085df2155ec"
  name = "github.com/cloudflare/cfssl"
  packages = [
    "crypto/pkcs7",
    "errors",
  ]
  pruneopts = ""
  revision = "768cd563887febaad559b511aaa5964823ccb4ab"
  version = "1.3.3"

[[projects]]
  branch = "v2.1"
  digest = "1:3fc5d0d9cb474736e8e6c2f2292e0763b5132c6e7d8cbedf7bde404a470c8c3b"
  name = "github.com/cookieo9/resources-go"
  packages = ["."]
  pruneopts = ""
  revision = "d27c04069d0d5dfe11c202dacbf745ae8d1ab181"

[[projects]]
  digest = "1:166e24c91c2732657d2f791d3ee3897e7d85ece7cbb62ad991250e6b51fc1d4c"
  name = "github.com/coreos/go-iptables"
  packages = ["iptables"]
  pruneopts = ""
  revision = "78b5fff24e6df8886ef8eca9411f683a884349a5"
  version = "v0.4.1"

[[projects]]
  digest = "1:b6581f9180e0f2d5549280d71819ab951db9d511478c87daca95669589d505c0"
  name = "github.com/go-ole/go-ole"
  packages = [
    ".",
    "oleutil",
  ]
  pruneopts = ""
  revision = "97b6244175ae18ea6eef668034fd6565847501c9"
  version = "v1.2.4"

[[projects]]
  digest = "1:cc1255e2fef3819bfab3540277001e602892dd431ef9ab5499bcdbc425923d64"
  name = "github.com/godbus/dbus"
  packages = ["."]
  pruneopts = ""
  revision = "2ff6f7ffd60f0f2410b3105864bdd12c7894f844"
  version = "v5.0.1"

[[projects]]
  digest = "1:e85e59c4152d8576341daf54f40d96c404c264e04941a4a36b97a0f427eb9e5e"
  name = "github.com/google/gopacket"
  packages = [
    ".",
    "layers",
    "tcpassembly",
  ]
  pruneopts = ""
  revision = "6d3e2615da4ed2ed2a349918fe74e7e6d03482fa"
  version = "v1.1.17"

[[projects]]
  digest = "1:20dc576ad8f98fe64777c62f090a9b37dd67c62b23fe42b429c2c41936aa8a9c"
  name = "github.com/google/renameio"
  packages = ["."]
  pruneopts = ""
  revision = "f0e32980c006571efd537032e5f9cd8c1a92819e"
  version = "v0.1.0"

[[projects]]
  digest = "1:ec5262e6c65f9fcedc01d7789ee4e18ad429dde822cfd50e57e3fd77c4d70c73"
  name = "github.com/gorilla/mux"
  packages = ["."]
  pruneopts = ""
  revision = "ed099d42384823742bba0bf9a72b53b55c9e2e38"
  version = "v1.7.2"

[[projects]]
  digest = "1:09aa5dd1332b93c96bde671bafb053249dc813febf7d5ca84e8f382ba255d67d"
  name = "github.com/gorilla/websocket"
  packages = ["."]
  pruneopts = ""
  revision = "66b9c49e59c6c48f0ffce28c2d8b8a5678502c6d"
  version = "v1.4.0"

[[projects]]
  digest = "1:870d441fe217b8e689d7949fef6e43efbc787e50f200cb1e70dbca9204a1d6be"
  name = "github.com/inconshreveable/mousetrap"
  packages = ["."]
  pruneopts = ""
  revision = "76626ae9c91c4f2a10f34cad8ce83ea42c93bb75"
  version = "v1.0"

[[projects]]
  branch = "master"
  digest = "1:e71cc6b377264002aec0d9c235087e51ad7a3c1fb341bb4baa84709308b94fe8"
  name = "github.com/kardianos/osext"
  packages = ["."]
  pruneopts = ""
  revision = "2bc1f35cddc0cc527b4bc3dce8578fc2a6c11384"

[[projects]]
  digest = "1:49b2165427f1eecc536ccc1b34129f1f9240b85d1c54228f3aeb6d4275e3daf3"
  name = "github.com/miekg/dns"
  packages = ["."]
  pruneopts = ""
  revision = "d16ecb693e3f8d524769fefce2192a4c92207ff9"
  version = "v1.1.13"

[[projects]]
  digest = "1:3819cd861b7abd7d12dc1ea52ecb998ad1171826a76ecf0aefa09545781091f9"
  name = "github.com/oschwald/maxminddb-golang"
  packages = ["."]
  pruneopts = ""
  revision = "2905694a1b00c5574f1418a7dbf8a22a7d247559"
  version = "v1.3.1"

[[projects]]
  digest = "1:7f569d906bdd20d906b606415b7d794f798f91a62fcfb6a4daa6d50690fb7a3f"
  name = "github.com/satori/go.uuid"
  packages = ["."]
  pruneopts = ""
  revision = "f58768cc1a7a7e77a3bd49e98cdd21419399b6a3"
  version = "v1.2.0"

[[projects]]
  branch = "master"
  digest = "1:8ea5e33ea56cafca3c9636a8251d651f33431450ecb11bcb21ecf9e5d5017c7e"
  name = "github.com/seehuhn/fortuna"
  packages = ["."]
  pruneopts = ""
  revision = "f376bbcd33f446d4431a641aead7851fcbeafa08"

[[projects]]
  branch = "master"
  digest = "1:3e67cb161714c815dfe346a3c1d386b44bab7bd907473acf437171f5577bee88"
  name = "github.com/seehuhn/sha256d"
  packages = ["."]
  pruneopts = ""
  revision = "e9f377c596061894b7f9ee69aab61e62c3ccc13e"

[[projects]]
  digest = "1:ab6d9cca43e0a89aacd6657db0adb5a6597ed51f81ad0e4f2db516728eb63185"
  name = "github.com/shirou/gopsutil"
  packages = [
    "cpu",
    "host",
    "internal/common",
    "mem",
    "net",
    "process",
  ]
  pruneopts = ""
  revision = "fa9845945e5b5c6ffb19b436586ff702a30417c5"
  version = "v2.19.04"

[[projects]]
  branch = "master"
  digest = "1:99c6a6dab47067c9b898e8c8b13d130c6ab4ffbcc4b7cc6236c2cd0b1e344f5b"
  name = "github.com/shirou/w32"
  packages = ["."]
  pruneopts = ""
  revision = "bb4de0191aa41b5507caa14b0650cdbddcd9280b"

[[projects]]
  digest = "1:78715f4ed019d19795e67eed1dc63f525461d925616b1ed02b72582c01362440"
  name = "github.com/spf13/cobra"
  packages = ["."]
  pruneopts = ""
  revision = "67fc4837d267bc9bfd6e47f77783fcc3dffc68de"
  version = "v0.0.4"

[[projects]]
  digest = "1:cbaf13cdbfef0e4734ed8a7504f57fe893d471d62a35b982bf6fb3f036449a66"
  name = "github.com/spf13/pflag"
  packages = ["."]
  pruneopts = ""
  revision = "298182f68c66c05229eb03ac171abe6e309ee79a"
  version = "v1.0.3"

[[projects]]
  branch = "master"
  digest = "1:86e6712cfd4070a2120c03fcec41cfcbbc51813504a74e28d74479edfaf669ee"
  name = "github.com/tevino/abool"
  packages = ["."]
  pruneopts = ""
  revision = "9b9efcf221b50905aab9bbabd3daed56dc10f339"

[[projects]]
  digest = "1:eade4ea6782f5eed4a6b3138a648f9a332900650804fd206e5daaf99cc5613ea"
  name = "github.com/tidwall/gjson"
  packages = ["."]
  pruneopts = ""
  revision = "eee0b6226f0d1db2675a176fdfaa8419bcad4ca8"
  version = "v1.2.1"

[[projects]]
  digest = "1:72511ec1089fee111c995492d1d390a38ac7ab888aabdb1188985f2a1719c599"
  name = "github.com/tidwall/match"
  packages = ["."]
  pruneopts = ""
  revision = "33827db735fff6510490d69a8622612558a557ed"
  version = "v1.0.1"

[[projects]]
  branch = "master"
  digest = "1:1d7cab09854959fe179fe2f209400626f3dda9ec8e8b719c661d7b2add7b54b5"
  name = "github.com/tidwall/pretty"
  packages = ["."]
  pruneopts = ""
  revision = "1166b9ac2b65e46a43d8618d30d1554f4652d49b"

[[projects]]
  digest = "1:04a1f04f50d734222dc3da57368771a1d6a4e4c7418d19e17285d7c1d1936939"
  name = "github.com/tidwall/sjson"
  packages = ["."]
  pruneopts = ""
  revision = "25fb082a20e29e83fb7b7ef5f5919166aad1f084"
  version = "v1.0.4"

[[projects]]
  branch = "master"
  digest = "1:21097653bd7914de1262f2429e277933507442f892815a791ce1c0dbf0a8dc20"
  name = "github.com/umahmood/haversine"
  packages = ["."]
  pruneopts = ""
  revision = "808ab04add26660fd241ddb7973886c6dd6669e8"

[[projects]]
  digest = "1:8fe1bf6222077787bf88db4eae509f1c910743be1b82e1a6a57444fe092fc4a5"
  name = "go.etcd.io/bbolt"
  packages = ["."]
  pruneopts = ""
  revision = "63597a96ec0ad9e6d43c3fc81e809909e0237461"
  version = "v1.3.2"

[[projects]]
  branch = "master"
  digest = "1:23603929c559ebf5fa44cc2ed4a72ae729292e2b7e0295ab0e743641f0a47535"
  name = "golang.org/x/crypto"
  packages = [
    "blake2b",
    "blake2s",
    "chacha20poly1305",
    "curve25519",
    "ed25519",
    "ed25519/internal/edwards25519",
    "internal/chacha20",
    "internal/subtle",
    "ocsp",
    "poly1305",
    "sha3",
  ]
  pruneopts = ""
  revision = "20be4c3c3ed52bfccdb2d59a412ee1a936d175a7"

[[projects]]
  branch = "master"
  digest = "1:3fcc745bd071aa073bd666e01ff8df5fc72ab15f493ae7246710c66c738aab45"
  name = "golang.org/x/net"
  packages = [
    "bpf",
    "icmp",
    "internal/iana",
    "internal/socket",
    "ipv4",
    "ipv6",
  ]
  pruneopts = ""
  revision = "f3200d17e092c607f615320ecaad13d87ad9a2b3"

[[projects]]
  branch = "master"
  digest = "1:42729e4b5f90f33713c3eb772316cac71baf3344965a9fd9a86ab54b46bff88b"
  name = "golang.org/x/sys"
  packages = [
    "cpu",
    "unix",
    "windows",
  ]
  pruneopts = ""
  revision = "69e3a3a65b5bed52b8194d33c59d955757d87523"

[solve-meta]
  analyzer-name = "dep"
  analyzer-version = 1
  input-imports = [
    "github.com/Safing/portbase/api",
    "github.com/Safing/portbase/config",
    "github.com/Safing/portbase/crypto/hash",
    "github.com/Safing/portbase/crypto/random",
    "github.com/Safing/portbase/database",
    "github.com/Safing/portbase/database/dbmodule",
    "github.com/Safing/portbase/database/iterator",
    "github.com/Safing/portbase/database/query",
    "github.com/Safing/portbase/database/record",
    "github.com/Safing/portbase/database/storage",
    "github.com/Safing/portbase/database/storage/bbolt",
    "github.com/Safing/portbase/info",
    "github.com/Safing/portbase/log",
    "github.com/Safing/portbase/modules",
    "github.com/Safing/portbase/notifications",
    "github.com/Safing/portbase/utils",
    "github.com/Safing/portbase/utils/osdetail",
    "github.com/Safing/portbase/utils/testutils",
    "github.com/agext/levenshtein",
    "github.com/cloudflare/cfssl/crypto/pkcs7",
    "github.com/cookieo9/resources-go",
    "github.com/coreos/go-iptables/iptables",
    "github.com/godbus/dbus",
    "github.com/google/gopacket",
    "github.com/google/gopacket/layers",
    "github.com/google/gopacket/tcpassembly",
    "github.com/google/renameio",
    "github.com/gorilla/mux",
    "github.com/miekg/dns",
    "github.com/oschwald/maxminddb-golang",
    "github.com/satori/go.uuid",
    "github.com/shirou/gopsutil/process",
    "github.com/spf13/cobra",
    "github.com/tevino/abool",
    "github.com/umahmood/haversine",
    "golang.org/x/crypto/chacha20poly1305",
    "golang.org/x/crypto/curve25519",
    "golang.org/x/crypto/ocsp",
    "golang.org/x/net/icmp",
    "golang.org/x/net/ipv4",
    "golang.org/x/sys/windows",
  ]
  solver-name = "gps-cdcl"
  solver-version = 1
