# This file is autogenerated, do not edit; changes may be undone by the next 'dep ensure'.


[[projects]]
  digest = "1:6146fda730c18186631e91e818d995e759e7cbe27644d6871ccd469f6865c686"
  name = "github.com/StackExchange/wmi"
  packages = ["."]
  pruneopts = ""
  revision = "cbe66965904dbe8a6cd589e2298e5d8b986bd7dd"
  version = "1.1.0"

[[projects]]
  digest = "1:e010d6b45ee6c721df761eae89961c634ceb55feff166a48d15504729309f267"
  name = "github.com/TheTannerRyan/ring"
  packages = ["."]
  pruneopts = ""
  revision = "7b27005873e31b5d5a035e166636a09e03aaf40e"
  version = "v1.1.1"

[[projects]]
  digest = "1:21caed545a1c7ef7a2627bbb45989f689872ff6d5087d49c31340ce74c36de59"
  name = "github.com/agext/levenshtein"
  packages = ["."]
  pruneopts = ""
  revision = "52c14c47d03211d8ac1834e94601635e07c5a6ef"
  version = "v1.2.3"

[[projects]]
  branch = "v2.1"
  digest = "1:3fc5d0d9cb474736e8e6c2f2292e0763b5132c6e7d8cbedf7bde404a470c8c3b"
  name = "github.com/cookieo9/resources-go"
  packages = ["."]
  pruneopts = ""
  revision = "d27c04069d0d5dfe11c202dacbf745ae8d1ab181"

[[projects]]
  digest = "1:f384a8b6f89c502229e9013aa4f89ce5b5b56f09f9a4d601d7f1f026d3564fbf"
  name = "github.com/coreos/go-iptables"
  packages = ["iptables"]
  pruneopts = ""
  revision = "f901d6c2a4f2a4df092b98c33366dfba1f93d7a0"
  version = "v0.4.5"

[[projects]]
  digest = "1:0deddd908b6b4b768cfc272c16ee61e7088a60f7fe2f06c547bd3d8e1f8b8e77"
  name = "github.com/davecgh/go-spew"
  packages = ["spew"]
  pruneopts = ""
  revision = "8991bc29aa16c548c550c7ff78260e27b9ab7c73"
  version = "v1.1.1"

[[projects]]
  digest = "1:b6581f9180e0f2d5549280d71819ab951db9d511478c87daca95669589d505c0"
  name = "github.com/go-ole/go-ole"
  packages = [
    ".",
    "oleutil",
  ]
  pruneopts = ""
  revision = "97b6244175ae18ea6eef668034fd6565847501c9"
  version = "v1.2.4"

[[projects]]
  digest = "1:f63933986e63230fc32512ed00bc18ea4dbb0f57b5da18561314928fd20c2ff0"
  name = "github.com/godbus/dbus"
  packages = ["."]
  pruneopts = ""
  revision = "37bf87eef99d69c4f1d3528bd66e3a87dc201472"
  version = "v5.0.3"

[[projects]]
  digest = "1:e85e59c4152d8576341daf54f40d96c404c264e04941a4a36b97a0f427eb9e5e"
  name = "github.com/google/gopacket"
  packages = [
    ".",
    "layers",
    "tcpassembly",
  ]
  pruneopts = ""
  revision = "6d3e2615da4ed2ed2a349918fe74e7e6d03482fa"
  version = "v1.1.17"

[[projects]]
  digest = "1:20dc576ad8f98fe64777c62f090a9b37dd67c62b23fe42b429c2c41936aa8a9c"
  name = "github.com/google/renameio"
  packages = ["."]
  pruneopts = ""
  revision = "f0e32980c006571efd537032e5f9cd8c1a92819e"
  version = "v0.1.0"

[[projects]]
  digest = "1:2f0c811248aeb64978037b357178b1593372439146bda860cb16f2c80785ea93"
  name = "github.com/hashicorp/go-version"
  packages = ["."]
  pruneopts = ""
  revision = "ac23dc3fea5d1a983c43f6a0f6e2c13f0195d8bd"
  version = "v1.2.0"

[[projects]]
  digest = "1:870d441fe217b8e689d7949fef6e43efbc787e50f200cb1e70dbca9204a1d6be"
  name = "github.com/inconshreveable/mousetrap"
  packages = ["."]
  pruneopts = ""
  revision = "76626ae9c91c4f2a10f34cad8ce83ea42c93bb75"
  version = "v1.0"

[[projects]]
  branch = "master"
  digest = "1:e71cc6b377264002aec0d9c235087e51ad7a3c1fb341bb4baa84709308b94fe8"
  name = "github.com/kardianos/osext"
  packages = ["."]
  pruneopts = ""
  revision = "2bc1f35cddc0cc527b4bc3dce8578fc2a6c11384"

[[projects]]
  branch = "master"
  digest = "1:c140772b00f0c26cf6627aee32f62d9f9d89dffcda648861266c482c36a5344a"
  name = "github.com/miekg/dns"
  packages = ["."]
  pruneopts = ""
  revision = "b7703d0fa022e159d01efa2de82e6173d5ec04c8"

[[projects]]
  digest = "1:b962a528cbecf7662bee4d84a600f7a0a6a130368666d7d461757ba4d1341906"
  name = "github.com/oschwald/maxminddb-golang"
  packages = ["."]
  pruneopts = ""
  revision = "6a033e62c03b7dab4c37f7c9eb2ebb3b10e8f13a"
  version = "v1.6.0"

[[projects]]
  digest = "1:256484dbbcd271f9ecebc6795b2df8cad4c458dd0f5fd82a8c2fa0c29f233411"
  name = "github.com/pmezard/go-difflib"
  packages = ["difflib"]
  pruneopts = ""
  revision = "792786c7400a136282c1664665ae0a8db921c6c2"
  version = "v1.0.0"

[[projects]]
  digest = "1:7f569d906bdd20d906b606415b7d794f798f91a62fcfb6a4daa6d50690fb7a3f"
  name = "github.com/satori/go.uuid"
  packages = ["."]
  pruneopts = ""
  revision = "f58768cc1a7a7e77a3bd49e98cdd21419399b6a3"
  version = "v1.2.0"

[[projects]]
  digest = "1:16f319cf21ddf49f27b3a2093d68316840dc25ec5c2a0a431a4a4fc01ea707e2"
  name = "github.com/shirou/gopsutil"
  packages = [
    "cpu",
    "internal/common",
    "mem",
    "net",
    "process",
  ]
  pruneopts = ""
  revision = "a81cf97fce2300934e6c625b9917103346c26ba3"
  version = "v2.20.4"

[[projects]]
  digest = "1:bff75d4f1a2d2c4b8f4b46ff5ac230b80b5fa49276f615900cba09fe4c97e66e"
  name = "github.com/spf13/cobra"
  packages = ["."]
  pruneopts = ""
  revision = "a684a6d7f5e37385d954dd3b5a14fc6912c6ab9d"
  version = "v1.0.0"

[[projects]]
  digest = "1:688428eeb1ca80d92599eb3254bdf91b51d7e232fead3a73844c1f201a281e51"
  name = "github.com/spf13/pflag"
  packages = ["."]
  pruneopts = ""
  revision = "2e9d26c8c37aae03e3f9d4e90b7116f5accb7cab"
  version = "v1.0.5"

[[projects]]
  digest = "1:cc4eb6813da8d08694e557fcafae8fcc24f47f61a0717f952da130ca9a486dfc"
  name = "github.com/stretchr/testify"
  packages = ["assert"]
  pruneopts = ""
  revision = "3ebf1ddaeb260c4b1ae502a01c7844fa8c1fa0e9"
  version = "v1.5.1"

[[projects]]
  branch = "master"
  digest = "1:86e6712cfd4070a2120c03fcec41cfcbbc51813504a74e28d74479edfaf669ee"
  name = "github.com/tevino/abool"
  packages = ["."]
  pruneopts = ""
  revision = "9b9efcf221b50905aab9bbabd3daed56dc10f339"

[[projects]]
  branch = "master"
  digest = "1:21097653bd7914de1262f2429e277933507442f892815a791ce1c0dbf0a8dc20"
  name = "github.com/umahmood/haversine"
  packages = ["."]
  pruneopts = ""
  revision = "808ab04add26660fd241ddb7973886c6dd6669e8"

[[projects]]
  branch = "master"
  digest = "1:bf61fa9b53be5ce096004599b957e5957b28a5e421b724250aa06ecb7ee6dc57"
  name = "golang.org/x/crypto"
  packages = [
    "ed25519",
    "ed25519/internal/edwards25519",
  ]
  pruneopts = ""
  revision = "4b2356b1ed79e6be3deca3737a3db3d132d2847a"

[[projects]]
  branch = "master"
  digest = "1:ea84836e35d7a66c9b8944796295912509c80c921244bc4e098c5417219895f2"
  name = "golang.org/x/net"
  packages = [
    "bpf",
    "icmp",
    "idna",
    "internal/iana",
    "internal/socket",
    "ipv4",
    "ipv6",
    "publicsuffix",
  ]
  pruneopts = ""
  revision = "7e3656a0809f6f95abd88ac65313578f80b00df2"

[[projects]]
  branch = "master"
  digest = "1:4b0024508290ef8f5d7bd380a1ed9f6ac28255849f8c9da150d150b859c1df7c"
  name = "golang.org/x/sync"
  packages = ["errgroup"]
  pruneopts = ""
  revision = "43a5402ce75a95522677f77c619865d66b8c57ab"

[[projects]]
  branch = "master"
  digest = "1:acb3b56e190190ac9497faf5f0c30c5da4d3e8278d6b7a7042f2aa3332ff7022"
  name = "golang.org/x/sys"
  packages = [
    "internal/unsafeheader",
    "unix",
    "windows",
    "windows/registry",
    "windows/svc",
    "windows/svc/debug",
    "windows/svc/eventlog",
    "windows/svc/mgr",
  ]
  pruneopts = ""
  revision = "bc7a7d42d5c30f4d0fe808715c002826ce2c624e"

[[projects]]
  digest = "1:740b51a55815493a8d0f2b1e0d0ae48fe48953bf7eaf3fcc4198823bf67768c0"
  name = "golang.org/x/text"
  packages = [
    "collate",
    "collate/build",
    "internal/colltab",
    "internal/gen",
    "internal/language",
    "internal/language/compact",
    "internal/tag",
    "internal/triegen",
    "internal/ucd",
    "language",
    "secure/bidirule",
    "transform",
    "unicode/bidi",
    "unicode/cldr",
    "unicode/norm",
    "unicode/rangetable",
  ]
  pruneopts = ""
  revision = "342b2e1fbaa52c93f31447ad2c6abc048c63e475"
  version = "v0.3.2"

[[projects]]
  branch = "master"
  digest = "1:3416c611e00178b07c8fc347ba96398e4d6709fe7d3fab17f0b0fa6f933b4bd1"
  name = "golang.org/x/tools"
  packages = [
    "go/ast/astutil",
    "go/gcexportdata",
    "go/internal/gcimporter",
    "go/internal/packagesdriver",
    "go/packages",
    "go/types/typeutil",
    "internal/event",
    "internal/event/core",
    "internal/event/keys",
    "internal/event/label",
    "internal/gocommand",
    "internal/packagesinternal",
  ]
  pruneopts = ""
  revision = "b8469989bc69e50ec6dc4e4513fc3ff9ce48b8af"

[[projects]]
  branch = "master"
  digest = "1:9d4ac09a835404ae9306c6e1493cf800ecbb0f3f828f4333b3e055de4c962eea"
  name = "golang.org/x/xerrors"
  packages = [
    ".",
    "internal",
  ]
  pruneopts = ""
  revision = "9bdfabe68543c54f90421aeb9a60ef8061b5b544"

[[projects]]
  digest = "1:2efc9662a6a1ff28c65c84fc2f9030f13d3afecdb2ecad445f3b0c80e75fc281"
  name = "gopkg.in/yaml.v2"
  packages = ["."]
  pruneopts = ""
  revision = "53403b58ad1b561927d19068c655246f2db79d48"
  version = "v2.2.8"

[solve-meta]
  analyzer-name = "dep"
  analyzer-version = 1
  input-imports = [
    "github.com/TheTannerRyan/ring",
    "github.com/agext/levenshtein",
    "github.com/cookieo9/resources-go",
    "github.com/coreos/go-iptables/iptables",
    "github.com/godbus/dbus",
    "github.com/google/gopacket",
    "github.com/google/gopacket/layers",
    "github.com/google/gopacket/tcpassembly",
    "github.com/google/renameio",
    "github.com/hashicorp/go-version",
    "github.com/miekg/dns",
    "github.com/oschwald/maxminddb-golang",
    "github.com/satori/go.uuid",
    "github.com/shirou/gopsutil/process",
    "github.com/spf13/cobra",
    "github.com/stretchr/testify/assert",
    "github.com/tevino/abool",
    "github.com/umahmood/haversine",
    "golang.org/x/net/icmp",
    "golang.org/x/net/ipv4",
    "golang.org/x/net/publicsuffix",
    "golang.org/x/sync/errgroup",
    "golang.org/x/sys/windows",
    "golang.org/x/sys/windows/svc",
    "golang.org/x/sys/windows/svc/debug",
    "golang.org/x/sys/windows/svc/eventlog",
    "golang.org/x/sys/windows/svc/mgr",
  ]
  solver-name = "gps-cdcl"
  solver-version = 1
