# This file is automatically @generated by Cargo.
# It is not intended for manual editing.
version = 4

[[package]]
name = "atomic-polyfill"
version = "1.0.3"
source = "registry+https://github.com/rust-lang/crates.io-index"
checksum = "8cf2bce30dfe09ef0bfaef228b9d414faaf7e563035494d7fe092dba54b300f4"
dependencies = [
 "critical-section",
]

[[package]]
name = "bitflags"
version = "1.3.2"
source = "registry+https://github.com/rust-lang/crates.io-index"
checksum = "bef38d45163c2f1dde094a7dfd33ccf595c92905c8f8f4fdc18d06fb1037718a"

[[package]]
name = "byteorder"
version = "1.5.0"
source = "registry+https://github.com/rust-lang/crates.io-index"
checksum = "1fd0f2584146f6f2ef48085050886acf353beff7305ebd1ae69500e27c67f64b"

[[package]]
name = "cfg-if"
version = "1.0.4"
source = "registry+https://github.com/rust-lang/crates.io-index"
checksum = "9330f8b2ff13f34540b44e946ef35111825727b38d33286ef986142615121801"

[[package]]
name = "critical-section"
version = "1.2.0"
source = "registry+https://github.com/rust-lang/crates.io-index"
checksum = "790eea4361631c5e7d22598ecd5723ff611904e3344ce8720784c93e3d83d40b"

[[package]]
name = "hash32"
version = "0.2.1"
source = "registry+https://github.com/rust-lang/crates.io-index"
checksum = "b0c35f58762feb77d74ebe43bdbc3210f09be9fe6742234d573bacc26ed92b67"
dependencies = [
 "byteorder",
]

[[package]]
name = "heapless"
version = "0.7.17"
source = "registry+https://github.com/rust-lang/crates.io-index"
checksum = "cdc6457c0eb62c71aac4bc17216026d8410337c4126773b9c5daba343f17964f"
dependencies = [
 "atomic-polyfill",
 "hash32",
 "rustc_version",
 "spin",
 "stable_deref_trait",
]

[[package]]
name = "lock_api"
version = "0.4.14"
source = "registry+https://github.com/rust-lang/crates.io-index"
checksum = "224399e74b87b5f3557511d98dff8b14089b3dadafcab6bb93eab67d3aace965"
dependencies = [
 "scopeguard",
]

[[package]]
name = "managed"
version = "0.8.0"
source = "registry+https://github.com/rust-lang/crates.io-index"
checksum = "0ca88d725a0a943b096803bd34e73a4437208b6077654cc4ecb2947a5f91618d"

[[package]]
name = "ntstatus"
version = "0.1.2"
source = "registry+https://github.com/rust-lang/crates.io-index"
checksum = "96ea8ea6a9a8cbe8fefe99b632bd45ec4b41b0bf234e4d740c516372922fb180"
dependencies = [
 "num_enum",
]

[[package]]
name = "num_enum"
version = "0.7.1"
source = "registry+https://github.com/rust-lang/crates.io-index"
checksum = "683751d591e6d81200c39fb0d1032608b77724f34114db54f571ff1317b337c0"
dependencies = [
 "num_enum_derive",
]

[[package]]
name = "num_enum_derive"
version = "0.7.1"
source = "registry+https://github.com/rust-lang/crates.io-index"
checksum = "6c11e44798ad209ccdd91fc192f0526a369a01234f7373e1b141c96d7cee4f0e"
dependencies = [
 "proc-macro2",
 "quote",
 "syn",
]

[[package]]
name = "proc-macro2"
version = "1.0.70"
source = "registry+https://github.com/rust-lang/crates.io-index"
checksum = "39278fbbf5fb4f646ce651690877f89d1c5811a3d4acb27700c1cb3cdb78fd3b"
dependencies = [
 "unicode-ident",
]

[[package]]
name = "quote"
version = "1.0.33"
source = "registry+https://github.com/rust-lang/crates.io-index"
checksum = "5267fca4496028628a95160fc423a33e8b2e6af8a5302579e322e4b520293cae"
dependencies = [
 "proc-macro2",
]

[[package]]
name = "rustc_version"
version = "0.4.1"
source = "registry+https://github.com/rust-lang/crates.io-index"
checksum = "cfcb3a22ef46e85b45de6ee7e79d063319ebb6594faafcf1c225ea92ab6e9b92"
dependencies = [
 "semver",
]

[[package]]
name = "scopeguard"
version = "1.2.0"
source = "registry+https://github.com/rust-lang/crates.io-index"
checksum = "94143f37725109f92c262ed2cf5e59bce7498c01bcc1502d7b9afe439a4e9f49"

[[package]]
name = "semver"
version = "1.0.27"
source = "registry+https://github.com/rust-lang/crates.io-index"
checksum = "d767eb0aabc880b29956c35734170f26ed551a859dbd361d140cdbeca61ab1e2"

[[package]]
name = "smoltcp"
version = "0.10.0"
source = "registry+https://github.com/rust-lang/crates.io-index"
checksum = "8d2e3a36ac8fea7b94e666dfa3871063d6e0a5c9d5d4fec9a1a6b7b6760f0229"
dependencies = [
 "bitflags",
 "byteorder",
 "cfg-if",
 "heapless",
 "managed",
]

[[package]]
name = "spin"
version = "0.9.8"
source = "registry+https://github.com/rust-lang/crates.io-index"
checksum = "6980e8d7511241f8acf4aebddbb1ff938df5eebe98691418c4468d0b72a96a67"
dependencies = [
 "lock_api",
]

[[package]]
name = "stable_deref_trait"
version = "1.2.1"
source = "registry+https://github.com/rust-lang/crates.io-index"
checksum = "6ce2be8dc25455e1f91df71bfa12ad37d7af1092ae736f3a6cd0e37bc7810596"

[[package]]
name = "syn"
version = "2.0.41"
source = "registry+https://github.com/rust-lang/crates.io-index"
checksum = "44c8b28c477cc3bf0e7966561e3460130e1255f7a1cf71931075f1c5e7a7e269"
dependencies = [
 "proc-macro2",
 "quote",
 "unicode-ident",
]

[[package]]
name = "unicode-ident"
version = "1.0.12"
source = "registry+https://github.com/rust-lang/crates.io-index"
checksum = "3354b9ac3fae1ff6755cb6db53683adb661634f67557942dea4facebec0fee4b"

[[package]]
name = "wdk"
version = "0.0.0"
dependencies = [
 "ntstatus",
 "smoltcp",
 "widestring",
 "windows-sys",
]

[[package]]
name = "widestring"
version = "1.0.2"
source = "registry+https://github.com/rust-lang/crates.io-index"
checksum = "653f141f39ec16bba3c5abe400a0c60da7468261cc2cbf36805022876bc721a8"

[[package]]
name = "windows-sys"
version = "0.52.0"
source = "git+https://github.com/microsoft/windows-rs?rev=dffa8b03dc4987c278d82e88015ffe96aa8ac317#dffa8b03dc4987c278d82e88015ffe96aa8ac317"
dependencies = [
 "windows-targets",
]

[[package]]
name = "windows-targets"
version = "0.52.5"
source = "git+https://github.com/microsoft/windows-rs?rev=dffa8b03dc4987c278d82e88015ffe96aa8ac317#dffa8b03dc4987c278d82e88015ffe96aa8ac317"
dependencies = [
 "windows_aarch64_gnullvm",
 "windows_aarch64_msvc",
 "windows_i686_gnu",
 "windows_i686_gnullvm",
 "windows_i686_msvc",
 "windows_x86_64_gnu",
 "windows_x86_64_gnullvm",
 "windows_x86_64_msvc",
]

[[package]]
name = "windows_aarch64_gnullvm"
version = "0.52.5"
source = "git+https://github.com/microsoft/windows-rs?rev=dffa8b03dc4987c278d82e88015ffe96aa8ac317#dffa8b03dc4987c278d82e88015ffe96aa8ac317"

[[package]]
name = "windows_aarch64_msvc"
version = "0.52.5"
source = "git+https://github.com/microsoft/windows-rs?rev=dffa8b03dc4987c278d82e88015ffe96aa8ac317#dffa8b03dc4987c278d82e88015ffe96aa8ac317"

[[package]]
name = "windows_i686_gnu"
version = "0.52.5"
source = "git+https://github.com/microsoft/windows-rs?rev=dffa8b03dc4987c278d82e88015ffe96aa8ac317#dffa8b03dc4987c278d82e88015ffe96aa8ac317"

[[package]]
name = "windows_i686_gnullvm"
version = "0.52.5"
source = "git+https://github.com/microsoft/windows-rs?rev=dffa8b03dc4987c278d82e88015ffe96aa8ac317#dffa8b03dc4987c278d82e88015ffe96aa8ac317"

[[package]]
name = "windows_i686_msvc"
version = "0.52.5"
source = "git+https://github.com/microsoft/windows-rs?rev=dffa8b03dc4987c278d82e88015ffe96aa8ac317#dffa8b03dc4987c278d82e88015ffe96aa8ac317"

[[package]]
name = "windows_x86_64_gnu"
version = "0.52.5"
source = "git+https://github.com/microsoft/windows-rs?rev=dffa8b03dc4987c278d82e88015ffe96aa8ac317#dffa8b03dc4987c278d82e88015ffe96aa8ac317"

[[package]]
name = "windows_x86_64_gnullvm"
version = "0.52.5"
source = "git+https://github.com/microsoft/windows-rs?rev=dffa8b03dc4987c278d82e88015ffe96aa8ac317#dffa8b03dc4987c278d82e88015ffe96aa8ac317"

[[package]]
name = "windows_x86_64_msvc"
version = "0.52.5"
source = "git+https://github.com/microsoft/windows-rs?rev=dffa8b03dc4987c278d82e88015ffe96aa8ac317#dffa8b03dc4987c278d82e88015ffe96aa8ac317"
