# This file is automatically @generated by Cargo.
# It is not intended for manual editing.
version = 3

[[package]]
name = "ntstatus"
version = "0.1.2"
source = "registry+https://github.com/rust-lang/crates.io-index"
checksum = "96ea8ea6a9a8cbe8fefe99b632bd45ec4b41b0bf234e4d740c516372922fb180"
dependencies = [
 "num_enum",
]

[[package]]
name = "num_enum"
version = "0.7.1"
source = "registry+https://github.com/rust-lang/crates.io-index"
checksum = "683751d591e6d81200c39fb0d1032608b77724f34114db54f571ff1317b337c0"
dependencies = [
 "num_enum_derive",
]

[[package]]
name = "num_enum_derive"
version = "0.7.1"
source = "registry+https://github.com/rust-lang/crates.io-index"
checksum = "6c11e44798ad209ccdd91fc192f0526a369a01234f7373e1b141c96d7cee4f0e"
dependencies = [
 "proc-macro2",
 "quote",
 "syn",
]

[[package]]
name = "proc-macro2"
version = "1.0.70"
source = "registry+https://github.com/rust-lang/crates.io-index"
checksum = "39278fbbf5fb4f646ce651690877f89d1c5811a3d4acb27700c1cb3cdb78fd3b"
dependencies = [
 "unicode-ident",
]

[[package]]
name = "quote"
version = "1.0.33"
source = "registry+https://github.com/rust-lang/crates.io-index"
checksum = "5267fca4496028628a95160fc423a33e8b2e6af8a5302579e322e4b520293cae"
dependencies = [
 "proc-macro2",
]

[[package]]
name = "syn"
version = "2.0.41"
source = "registry+https://github.com/rust-lang/crates.io-index"
checksum = "44c8b28c477cc3bf0e7966561e3460130e1255f7a1cf71931075f1c5e7a7e269"
dependencies = [
 "proc-macro2",
 "quote",
 "unicode-ident",
]

[[package]]
name = "unicode-ident"
version = "1.0.12"
source = "registry+https://github.com/rust-lang/crates.io-index"
checksum = "3354b9ac3fae1ff6755cb6db53683adb661634f67557942dea4facebec0fee4b"

[[package]]
name = "wdk"
version = "0.0.0"
dependencies = [
 "ntstatus",
 "widestring",
 "windows-sys",
]

[[package]]
name = "widestring"
version = "1.0.2"
source = "registry+https://github.com/rust-lang/crates.io-index"
checksum = "653f141f39ec16bba3c5abe400a0c60da7468261cc2cbf36805022876bc721a8"

[[package]]
name = "windows-sys"
version = "0.52.0"
source = "git+https://github.com/microsoft/windows-rs?rev=dffa8b03dc4987c278d82e88015ffe96aa8ac317#dffa8b03dc4987c278d82e88015ffe96aa8ac317"
dependencies = [
 "windows-targets",
]

[[package]]
name = "windows-targets"
version = "0.52.5"
source = "git+https://github.com/microsoft/windows-rs?rev=dffa8b03dc4987c278d82e88015ffe96aa8ac317#dffa8b03dc4987c278d82e88015ffe96aa8ac317"
dependencies = [
 "windows_aarch64_gnullvm",
 "windows_aarch64_msvc",
 "windows_i686_gnu",
 "windows_i686_gnullvm",
 "windows_i686_msvc",
 "windows_x86_64_gnu",
 "windows_x86_64_gnullvm",
 "windows_x86_64_msvc",
]

[[package]]
name = "windows_aarch64_gnullvm"
version = "0.52.5"
source = "git+https://github.com/microsoft/windows-rs?rev=dffa8b03dc4987c278d82e88015ffe96aa8ac317#dffa8b03dc4987c278d82e88015ffe96aa8ac317"

[[package]]
name = "windows_aarch64_msvc"
version = "0.52.5"
source = "git+https://github.com/microsoft/windows-rs?rev=dffa8b03dc4987c278d82e88015ffe96aa8ac317#dffa8b03dc4987c278d82e88015ffe96aa8ac317"

[[package]]
name = "windows_i686_gnu"
version = "0.52.5"
source = "git+https://github.com/microsoft/windows-rs?rev=dffa8b03dc4987c278d82e88015ffe96aa8ac317#dffa8b03dc4987c278d82e88015ffe96aa8ac317"

[[package]]
name = "windows_i686_gnullvm"
version = "0.52.5"
source = "git+https://github.com/microsoft/windows-rs?rev=dffa8b03dc4987c278d82e88015ffe96aa8ac317#dffa8b03dc4987c278d82e88015ffe96aa8ac317"

[[package]]
name = "windows_i686_msvc"
version = "0.52.5"
source = "git+https://github.com/microsoft/windows-rs?rev=dffa8b03dc4987c278d82e88015ffe96aa8ac317#dffa8b03dc4987c278d82e88015ffe96aa8ac317"

[[package]]
name = "windows_x86_64_gnu"
version = "0.52.5"
source = "git+https://github.com/microsoft/windows-rs?rev=dffa8b03dc4987c278d82e88015ffe96aa8ac317#dffa8b03dc4987c278d82e88015ffe96aa8ac317"

[[package]]
name = "windows_x86_64_gnullvm"
version = "0.52.5"
source = "git+https://github.com/microsoft/windows-rs?rev=dffa8b03dc4987c278d82e88015ffe96aa8ac317#dffa8b03dc4987c278d82e88015ffe96aa8ac317"

[[package]]
name = "windows_x86_64_msvc"
version = "0.52.5"
source = "git+https://github.com/microsoft/windows-rs?rev=dffa8b03dc4987c278d82e88015ffe96aa8ac317#dffa8b03dc4987c278d82e88015ffe96aa8ac317"
